
Microsoft Visual Studio Solution File, Format Version 12.00
# Visual Studio Version 16
VisualStudioVersion = 16.0.29806.167
MinimumVisualStudioVersion = 10.0.40219.1
Project("{9A19103F-16F7-4668-BE54-9A1E7A4F7556}") = "E2", "E2.csproj", "{5292305A-87D5-4799-B691-2CF3A4370BE0}"
EndProject
Global
	GlobalSection(SolutionConfigurationPlatforms) = preSolution
		Debug|Any CPU = Debug|Any CPU
		Release|Any CPU = Release|Any CPU
	EndGlobalSection
	GlobalSection(ProjectConfigurationPlatforms) = postSolution
		{5292305A-87D5-4799-B691-2CF3A4370BE0}.Debug|Any CPU.ActiveCfg = Debug|Any CPU
		{5292305A-87D5-4799-B691-2CF3A4370BE0}.Debug|Any CPU.Build.0 = Debug|Any CPU
		{5292305A-87D5-4799-B691-2CF3A4370BE0}.Release|Any CPU.ActiveCfg = Release|Any CPU
		{5292305A-87D5-4799-B691-2CF3A4370BE0}.Release|Any CPU.Build.0 = Release|Any CPU
	EndGlobalSection
	GlobalSection(SolutionProperties) = preSolution
		HideSolutionNode = FALSE
	EndGlobalSection
	GlobalSection(ExtensibilityGlobals) = postSolution
		SolutionGuid = {DE993DF4-0301-4F60-A745-523863A7200D}
	EndGlobalSection
EndGlobal
